// !$*UTF8*$!
{
	archiveVersion = 1;
	classes = {
	};
	objectVersion = 77;
	objects = {

/* Begin PBXBuildFile section */
		100000000000000000000001 /* HanClipApp.swift in Sources */ = {isa = PBXBuildFile; fileRef = 200000000000000000000001 /* HanClipApp.swift */; };
		100000000000000000000002 /* ClipItem.swift in Sources */ = {isa = PBXBuildFile; fileRef = 200000000000000000000002 /* ClipItem.swift */; };
		100000000000000000000003 /* VideoFileDocument.swift in Sources */ = {isa = PBXBuildFile; fileRef = 200000000000000000000003 /* VideoFileDocument.swift */; };
		100000000000000000000004 /* PhotoLibraryService.swift in Sources */ = {isa = PBXBuildFile; fileRef = 200000000000000000000004 /* PhotoLibraryService.swift */; };
		100000000000000000000005 /* PhotoPicker.swift in Sources */ = {isa = PBXBuildFile; fileRef = 200000000000000000000005 /* PhotoPicker.swift */; };
		100000000000000000000006 /* VideoComposer.swift in Sources */ = {isa = PBXBuildFile; fileRef = 200000000000000000000006 /* VideoComposer.swift */; };
		100000000000000000000007 /* EditorViewModel.swift in Sources */ = {isa = PBXBuildFile; fileRef = 200000000000000000000007 /* EditorViewModel.swift */; };
		100000000000000000000008 /* ClipRow.swift in Sources */ = {isa = PBXBuildFile; fileRef = 200000000000000000000008 /* ClipRow.swift */; };
		100000000000000000000009 /* EditorView.swift in Sources */ = {isa = PBXBuildFile; fileRef = 200000000000000000000009 /* EditorView.swift */; };
		10000000000000000000000A /* SharedImportRecord.swift in Sources */ = {isa = PBXBuildFile; fileRef = 20000000000000000000000A /* SharedImportRecord.swift */; };
		10000000000000000000000B /* SharedInbox.swift in Sources */ = {isa = PBXBuildFile; fileRef = 20000000000000000000000B /* SharedInbox.swift */; };
		10000000000000000000000C /* ShareViewController.swift in Sources */ = {isa = PBXBuildFile; fileRef = 20000000000000000000000C /* ShareViewController.swift */; };
		10000000000000000000000D /* SharedImportRecord.swift in Sources */ = {isa = PBXBuildFile; fileRef = 20000000000000000000000A /* SharedImportRecord.swift */; };
		10000000000000000000000E /* SharedInbox.swift in Sources */ = {isa = PBXBuildFile; fileRef = 20000000000000000000000B /* SharedInbox.swift */; };
		10000000000000000000000F /* HanClipShare.appex in Embed App Extensions */ = {isa = PBXBuildFile; fileRef = 20000000000000000000000E /* HanClipShare.appex */; settings = {ATTRIBUTES = (RemoveHeadersOnCopy, ); }; };
		100000000000000000000010 /* Assets.xcassets in Resources */ = {isa = PBXBuildFile; fileRef = 200000000000000000000013 /* Assets.xcassets */; };
		100000000000000000000011 /* Assets.xcassets in Resources */ = {isa = PBXBuildFile; fileRef = 200000000000000000000013 /* Assets.xcassets */; };
		100000000000000000000014 /* FilePicker.swift in Sources */ = {isa = PBXBuildFile; fileRef = 200000000000000000000017 /* FilePicker.swift */; };
		100000000000000000000015 /* WatermarkSettings.swift in Sources */ = {isa = PBXBuildFile; fileRef = 200000000000000000000018 /* WatermarkSettings.swift */; };
		100000000000000000000016 /* FontImportStore.swift in Sources */ = {isa = PBXBuildFile; fileRef = 200000000000000000000019 /* FontImportStore.swift */; };
		100000000000000000000019 /* Resources/Fonts/KakaoBigSans-Regular.ttf in Resources */ = {isa = PBXBuildFile; fileRef = 20000000000000000000001C /* Resources/Fonts/KakaoBigSans-Regular.ttf */; };
		10000000000000000000001A /* Resources/Fonts/KakaoBigSans-OFL.txt in Resources */ = {isa = PBXBuildFile; fileRef = 20000000000000000000001D /* Resources/Fonts/KakaoBigSans-OFL.txt */; };
		10000000000000000000001B /* Resources/Fonts/NanumGothic-Regular.ttf in Resources */ = {isa = PBXBuildFile; fileRef = 20000000000000000000001E /* Resources/Fonts/NanumGothic-Regular.ttf */; };
		10000000000000000000001C /* Resources/Fonts/NanumGothic-OFL.txt in Resources */ = {isa = PBXBuildFile; fileRef = 20000000000000000000001F /* Resources/Fonts/NanumGothic-OFL.txt */; };
		110000000000000000000001 /* ProjectStore.swift in Sources */ = {isa = PBXBuildFile; fileRef = 210000000000000000000001 /* ProjectStore.swift */; };
		110000000000000000000002 /* AudioAnalysisService.swift in Sources */ = {isa = PBXBuildFile; fileRef = 210000000000000000000002 /* AudioAnalysisService.swift */; };
		110000000000000000000003 /* VideoTrimEditor.swift in Sources */ = {isa = PBXBuildFile; fileRef = 210000000000000000000003 /* VideoTrimEditor.swift */; };
		110000000000000000000005 /* Resources/Fonts/Pretendard-Regular.otf in Resources */ = {isa = PBXBuildFile; fileRef = 210000000000000000000005 /* Resources/Fonts/Pretendard-Regular.otf */; };
		110000000000000000000006 /* Resources/font-licenses/Pretendard-LICENSE.txt in Resources */ = {isa = PBXBuildFile; fileRef = 210000000000000000000006 /* Resources/font-licenses/Pretendard-LICENSE.txt */; };
		110000000000000000000009 /* Resources/font-licenses/README.md in Resources */ = {isa = PBXBuildFile; fileRef = 210000000000000000000009 /* Resources/font-licenses/README.md */; };
		120000000000000000000001 /* Resources/Fonts/MaruBuri-Regular.ttf in Resources */ = {isa = PBXBuildFile; fileRef = 220000000000000000000001 /* Resources/Fonts/MaruBuri-Regular.ttf */; };
		120000000000000000000002 /* Resources/Fonts/Tenada.ttf in Resources */ = {isa = PBXBuildFile; fileRef = 220000000000000000000002 /* Resources/Fonts/Tenada.ttf */; };
		120000000000000000000003 /* Resources/Fonts/Cafe24Ssurround.ttf in Resources */ = {isa = PBXBuildFile; fileRef = 220000000000000000000003 /* Resources/Fonts/Cafe24Ssurround.ttf */; };
		120000000000000000000004 /* Resources/Fonts/PuradakGentleGothic.ttf in Resources */ = {isa = PBXBuildFile; fileRef = 220000000000000000000004 /* Resources/Fonts/PuradakGentleGothic.ttf */; };
		120000000000000000000005 /* Resources/Fonts/DdulgiMayo.otf in Resources */ = {isa = PBXBuildFile; fileRef = 220000000000000000000005 /* Resources/Fonts/DdulgiMayo.otf */; };
		120000000000000000000006 /* Resources/font-licenses/MaruBuri-LICENSE.txt in Resources */ = {isa = PBXBuildFile; fileRef = 220000000000000000000006 /* Resources/font-licenses/MaruBuri-LICENSE.txt */; };
		120000000000000000000007 /* Resources/font-licenses/Tenada-LICENSE.txt in Resources */ = {isa = PBXBuildFile; fileRef = 220000000000000000000007 /* Resources/font-licenses/Tenada-LICENSE.txt */; };
		120000000000000000000008 /* Resources/font-licenses/Cafe24Ssurround-LICENSE.txt in Resources */ = {isa = PBXBuildFile; fileRef = 220000000000000000000008 /* Resources/font-licenses/Cafe24Ssurround-LICENSE.txt */; };
		120000000000000000000009 /* Resources/font-licenses/PuradakGentleGothic-LICENSE.txt in Resources */ = {isa = PBXBuildFile; fileRef = 220000000000000000000009 /* Resources/font-licenses/PuradakGentleGothic-LICENSE.txt */; };
		12000000000000000000000A /* Resources/font-licenses/DdulgiMayo-LICENSE.txt in Resources */ = {isa = PBXBuildFile; fileRef = 22000000000000000000000A /* Resources/font-licenses/DdulgiMayo-LICENSE.txt */; };
		12000000000000000000000B /* Resources/Fonts/Pretendard-Bold.ttf in Resources */ = {isa = PBXBuildFile; fileRef = 22000000000000000000000B /* Resources/Fonts/Pretendard-Bold.ttf */; };
		12000000000000000000000C /* Resources/Fonts/GowunDodum-Regular.ttf in Resources */ = {isa = PBXBuildFile; fileRef = 22000000000000000000000C /* Resources/Fonts/GowunDodum-Regular.ttf */; };
		12000000000000000000000D /* Resources/font-licenses/GowunDodum-OFL.txt in Resources */ = {isa = PBXBuildFile; fileRef = 22000000000000000000000D /* Resources/font-licenses/GowunDodum-OFL.txt */; };
		12000000000000000000000E /* Resources/Fonts/GowunBatang-Regular.ttf in Resources */ = {isa = PBXBuildFile; fileRef = 22000000000000000000000E /* Resources/Fonts/GowunBatang-Regular.ttf */; };
		12000000000000000000000F /* Resources/font-licenses/GowunBatang-OFL.txt in Resources */ = {isa = PBXBuildFile; fileRef = 22000000000000000000000F /* Resources/font-licenses/GowunBatang-OFL.txt */; };
		120000000000000000000010 /* Resources/Fonts/BlackHanSans-Regular.ttf in Resources */ = {isa = PBXBuildFile; fileRef = 220000000000000000000010 /* Resources/Fonts/BlackHanSans-Regular.ttf */; };
		120000000000000000000011 /* Resources/font-licenses/BlackHanSans-OFL.txt in Resources */ = {isa = PBXBuildFile; fileRef = 220000000000000000000011 /* Resources/font-licenses/BlackHanSans-OFL.txt */; };
		120000000000000000000012 /* Resources/Fonts/DoHyeon-Regular.ttf in Resources */ = {isa = PBXBuildFile; fileRef = 220000000000000000000012 /* Resources/Fonts/DoHyeon-Regular.ttf */; };
		120000000000000000000013 /* Resources/font-licenses/DoHyeon-OFL.txt in Resources */ = {isa = PBXBuildFile; fileRef = 220000000000000000000013 /* Resources/font-licenses/DoHyeon-OFL.txt */; };
		280000000000000000000001 /* Resources/Fonts/Paperlogy-7Bold.ttf in Resources */ = {isa = PBXBuildFile; fileRef = 280000000000000000000011 /* Resources/Fonts/Paperlogy-7Bold.ttf */; };
		280000000000000000000002 /* Resources/Fonts/NEXONLv1GothicRegular.ttf in Resources */ = {isa = PBXBuildFile; fileRef = 280000000000000000000012 /* Resources/Fonts/NEXONLv1GothicRegular.ttf */; };
		280000000000000000000003 /* Resources/Fonts/Poppins-Regular.ttf in Resources */ = {isa = PBXBuildFile; fileRef = 280000000000000000000013 /* Resources/Fonts/Poppins-Regular.ttf */; };
		280000000000000000000004 /* Resources/font-licenses/Paperlogy-OFL.txt in Resources */ = {isa = PBXBuildFile; fileRef = 280000000000000000000014 /* Resources/font-licenses/Paperlogy-OFL.txt */; };
		280000000000000000000005 /* Resources/font-licenses/NEXONLv1Gothic-LICENSE.txt in Resources */ = {isa = PBXBuildFile; fileRef = 280000000000000000000015 /* Resources/font-licenses/NEXONLv1Gothic-LICENSE.txt */; };
		280000000000000000000006 /* Resources/font-licenses/Poppins-OFL.txt in Resources */ = {isa = PBXBuildFile; fileRef = 280000000000000000000016 /* Resources/font-licenses/Poppins-OFL.txt */; };
		130000000000000000000001 /* Resources/Audio/HanClipSampleLoop.wav in Resources */ = {isa = PBXBuildFile; fileRef = 230000000000000000000001 /* Resources/Audio/HanClipSampleLoop.wav */; };
		130000000000000000000002 /* Resources/Audio/HanClipTravelJoy.wav in Resources */ = {isa = PBXBuildFile; fileRef = 230000000000000000000002 /* Resources/Audio/HanClipTravelJoy.wav */; };
		130000000000000000000003 /* Resources/Audio/HanClipAdClassicalDrama.wav in Resources */ = {isa = PBXBuildFile; fileRef = 230000000000000000000003 /* Resources/Audio/HanClipAdClassicalDrama.wav */; };
		130000000000000000000004 /* Resources/Audio/HanClipGolfLetsGo.wav in Resources */ = {isa = PBXBuildFile; fileRef = 230000000000000000000004 /* Resources/Audio/HanClipGolfLetsGo.wav */; };
		130000000000000000000005 /* Resources/Audio/HanClipJiwooFirstSnow.wav in Resources */ = {isa = PBXBuildFile; fileRef = 230000000000000000000005 /* Resources/Audio/HanClipJiwooFirstSnow.wav */; };
		130000000000000000000006 /* Resources/Audio/HanClipJiwooFirstSnowOriginal.mp3 in Resources */ = {isa = PBXBuildFile; fileRef = 230000000000000000000006 /* Resources/Audio/HanClipJiwooFirstSnowOriginal.mp3 */; };
		140000000000000000000001 /* AiShotCamera.swift in Sources */ = {isa = PBXBuildFile; fileRef = 240000000000000000000001 /* AiShotCamera.swift */; };
		150000000000000000000001 /* AudioImpactClassifier.swift in Sources */ = {isa = PBXBuildFile; fileRef = 250000000000000000000001 /* AudioImpactClassifier.swift */; };
		160000000000000000000001 /* CopyrightPurchaseManager.swift in Sources */ = {isa = PBXBuildFile; fileRef = 260000000000000000000001 /* CopyrightPurchaseManager.swift */; };
		290000000000000000000001 /* MovieCollectionStore.swift in Sources */ = {isa = PBXBuildFile; fileRef = 290000000000000000000011 /* MovieCollectionStore.swift */; };
		2A0000000000000000000001 /* HanClipFullscreenVideoPlayer.swift in Sources */ = {isa = PBXBuildFile; fileRef = 2A0000000000000000000011 /* HanClipFullscreenVideoPlayer.swift */; };
		270000000000000000000001 /* HanClipLockWidget.swift in Sources */ = {isa = PBXBuildFile; fileRef = 270000000000000000000010 /* HanClipLockWidget.swift */; };
		270000000000000000000002 /* Assets.xcassets in Resources */ = {isa = PBXBuildFile; fileRef = 270000000000000000000012 /* Assets.xcassets */; };
		270000000000000000000003 /* HanClipWidget.appex in Embed App Extensions */ = {isa = PBXBuildFile; fileRef = 270000000000000000000013 /* HanClipWidget.appex */; settings = {ATTRIBUTES = (RemoveHeadersOnCopy, ); }; };
/* End PBXBuildFile section */

/* Begin PBXContainerItemProxy section */
		300000000000000000000001 /* PBXContainerItemProxy */ = {
			isa = PBXContainerItemProxy;
			containerPortal = 400000000000000000000001 /* Project object */;
			proxyType = 1;
			remoteGlobalIDString = 500000000000000000000002;
			remoteInfo = HanClipShare;
		};
		300000000000000000000002 /* PBXContainerItemProxy */ = {
			isa = PBXContainerItemProxy;
			containerPortal = 400000000000000000000001 /* Project object */;
			proxyType = 1;
			remoteGlobalIDString = 500000000000000000000003;
			remoteInfo = HanClipWidget;
		};
/* End PBXContainerItemProxy section */

/* Begin PBXCopyFilesBuildPhase section */
		600000000000000000000004 /* Embed App Extensions */ = {
			isa = PBXCopyFilesBuildPhase;
			buildActionMask = 2147483647;
			dstPath = "";
			dstSubfolderSpec = 13;
			files = (
				10000000000000000000000F /* HanClipShare.appex in Embed App Extensions */,
				270000000000000000000003 /* HanClipWidget.appex in Embed App Extensions */,
			);
			name = "Embed App Extensions";
			runOnlyForDeploymentPostprocessing = 0;
		};
/* End PBXCopyFilesBuildPhase section */

/* Begin PBXFileReference section */
		200000000000000000000001 /* HanClipApp.swift */ = {isa = PBXFileReference; lastKnownFileType = sourcecode.swift; path = HanClipApp.swift; sourceTree = "<group>"; };
		200000000000000000000002 /* ClipItem.swift */ = {isa = PBXFileReference; lastKnownFileType = sourcecode.swift; path = ClipItem.swift; sourceTree = "<group>"; };
		200000000000000000000003 /* VideoFileDocument.swift */ = {isa = PBXFileReference; lastKnownFileType = sourcecode.swift; path = VideoFileDocument.swift; sourceTree = "<group>"; };
		200000000000000000000004 /* PhotoLibraryService.swift */ = {isa = PBXFileReference; lastKnownFileType = sourcecode.swift; path = PhotoLibraryService.swift; sourceTree = "<group>"; };
		200000000000000000000005 /* PhotoPicker.swift */ = {isa = PBXFileReference; lastKnownFileType = sourcecode.swift; path = PhotoPicker.swift; sourceTree = "<group>"; };
		200000000000000000000006 /* VideoComposer.swift */ = {isa = PBXFileReference; lastKnownFileType = sourcecode.swift; path = VideoComposer.swift; sourceTree = "<group>"; };
		200000000000000000000007 /* EditorViewModel.swift */ = {isa = PBXFileReference; lastKnownFileType = sourcecode.swift; path = EditorViewModel.swift; sourceTree = "<group>"; };
		200000000000000000000008 /* ClipRow.swift */ = {isa = PBXFileReference; lastKnownFileType = sourcecode.swift; path = ClipRow.swift; sourceTree = "<group>"; };
		200000000000000000000009 /* EditorView.swift */ = {isa = PBXFileReference; lastKnownFileType = sourcecode.swift; path = EditorView.swift; sourceTree = "<group>"; };
		20000000000000000000000A /* SharedImportRecord.swift */ = {isa = PBXFileReference; lastKnownFileType = sourcecode.swift; path = SharedImportRecord.swift; sourceTree = "<group>"; };
		20000000000000000000000B /* SharedInbox.swift */ = {isa = PBXFileReference; lastKnownFileType = sourcecode.swift; path = SharedInbox.swift; sourceTree = "<group>"; };
		20000000000000000000000C /* ShareViewController.swift */ = {isa = PBXFileReference; lastKnownFileType = sourcecode.swift; path = ShareViewController.swift; sourceTree = "<group>"; };
		20000000000000000000000D /* HanClip.app */ = {isa = PBXFileReference; explicitFileType = wrapper.application; includeInIndex = 0; path = HanClip.app; sourceTree = BUILT_PRODUCTS_DIR; };
		20000000000000000000000E /* HanClipShare.appex */ = {isa = PBXFileReference; explicitFileType = "wrapper.app-extension"; includeInIndex = 0; path = HanClipShare.appex; sourceTree = BUILT_PRODUCTS_DIR; };
		20000000000000000000000F /* Info.plist */ = {isa = PBXFileReference; lastKnownFileType = text.plist.xml; path = Info.plist; sourceTree = "<group>"; };
		200000000000000000000010 /* HanClip.entitlements */ = {isa = PBXFileReference; lastKnownFileType = text.plist.entitlements; path = HanClip.entitlements; sourceTree = "<group>"; };
		200000000000000000000011 /* Info.plist */ = {isa = PBXFileReference; lastKnownFileType = text.plist.xml; path = Info.plist; sourceTree = "<group>"; };
		200000000000000000000012 /* HanClipShare.entitlements */ = {isa = PBXFileReference; lastKnownFileType = text.plist.entitlements; path = HanClipShare.entitlements; sourceTree = "<group>"; };
		200000000000000000000013 /* Assets.xcassets */ = {isa = PBXFileReference; lastKnownFileType = folder.assetcatalog; path = Assets.xcassets; sourceTree = "<group>"; };
		200000000000000000000017 /* FilePicker.swift */ = {isa = PBXFileReference; lastKnownFileType = sourcecode.swift; path = FilePicker.swift; sourceTree = "<group>"; };
		200000000000000000000018 /* WatermarkSettings.swift */ = {isa = PBXFileReference; lastKnownFileType = sourcecode.swift; path = WatermarkSettings.swift; sourceTree = "<group>"; };
		200000000000000000000019 /* FontImportStore.swift */ = {isa = PBXFileReference; lastKnownFileType = sourcecode.swift; path = FontImportStore.swift; sourceTree = "<group>"; };
		260000000000000000000001 /* CopyrightPurchaseManager.swift */ = {isa = PBXFileReference; lastKnownFileType = sourcecode.swift; path = CopyrightPurchaseManager.swift; sourceTree = "<group>"; };
		290000000000000000000011 /* MovieCollectionStore.swift */ = {isa = PBXFileReference; lastKnownFileType = sourcecode.swift; path = MovieCollectionStore.swift; sourceTree = "<group>"; };
		2A0000000000000000000011 /* HanClipFullscreenVideoPlayer.swift */ = {isa = PBXFileReference; lastKnownFileType = sourcecode.swift; path = HanClipFullscreenVideoPlayer.swift; sourceTree = "<group>"; };
		260000000000000000000002 /* HanClip.storekit */ = {isa = PBXFileReference; lastKnownFileType = text; path = HanClip.storekit; sourceTree = "<group>"; };
		20000000000000000000001C /* Resources/Fonts/KakaoBigSans-Regular.ttf */ = {isa = PBXFileReference; lastKnownFileType = file; path = "Resources/Fonts/KakaoBigSans-Regular.ttf"; sourceTree = "<group>"; };
		20000000000000000000001D /* Resources/Fonts/KakaoBigSans-OFL.txt */ = {isa = PBXFileReference; lastKnownFileType = text; path = "Resources/Fonts/KakaoBigSans-OFL.txt"; sourceTree = "<group>"; };
		20000000000000000000001E /* Resources/Fonts/NanumGothic-Regular.ttf */ = {isa = PBXFileReference; lastKnownFileType = file; path = "Resources/Fonts/NanumGothic-Regular.ttf"; sourceTree = "<group>"; };
		20000000000000000000001F /* Resources/Fonts/NanumGothic-OFL.txt */ = {isa = PBXFileReference; lastKnownFileType = text; path = "Resources/Fonts/NanumGothic-OFL.txt"; sourceTree = "<group>"; };
		210000000000000000000001 /* ProjectStore.swift */ = {isa = PBXFileReference; lastKnownFileType = sourcecode.swift; path = ProjectStore.swift; sourceTree = "<group>"; };
		210000000000000000000002 /* AudioAnalysisService.swift */ = {isa = PBXFileReference; lastKnownFileType = sourcecode.swift; path = AudioAnalysisService.swift; sourceTree = "<group>"; };
		210000000000000000000003 /* VideoTrimEditor.swift */ = {isa = PBXFileReference; lastKnownFileType = sourcecode.swift; path = VideoTrimEditor.swift; sourceTree = "<group>"; };
		210000000000000000000005 /* Resources/Fonts/Pretendard-Regular.otf */ = {isa = PBXFileReference; lastKnownFileType = file; path = "Resources/Fonts/Pretendard-Regular.otf"; sourceTree = "<group>"; };
		210000000000000000000006 /* Resources/font-licenses/Pretendard-LICENSE.txt */ = {isa = PBXFileReference; lastKnownFileType = text; path = "Resources/font-licenses/Pretendard-LICENSE.txt"; sourceTree = "<group>"; };
		210000000000000000000007 /* Resources/font-licenses/NanumGothic-OFL.txt */ = {isa = PBXFileReference; lastKnownFileType = text; path = "Resources/font-licenses/NanumGothic-OFL.txt"; sourceTree = "<group>"; };
		210000000000000000000008 /* Resources/font-licenses/KakaoBigSans-OFL.txt */ = {isa = PBXFileReference; lastKnownFileType = text; path = "Resources/font-licenses/KakaoBigSans-OFL.txt"; sourceTree = "<group>"; };
		210000000000000000000009 /* Resources/font-licenses/README.md */ = {isa = PBXFileReference; lastKnownFileType = net.daringfireball.markdown; path = "Resources/font-licenses/README.md"; sourceTree = "<group>"; };
		220000000000000000000001 /* Resources/Fonts/MaruBuri-Regular.ttf */ = {isa = PBXFileReference; lastKnownFileType = file; path = "Resources/Fonts/MaruBuri-Regular.ttf"; sourceTree = "<group>"; };
		220000000000000000000002 /* Resources/Fonts/Tenada.ttf */ = {isa = PBXFileReference; lastKnownFileType = file; path = Resources/Fonts/Tenada.ttf; sourceTree = "<group>"; };
		220000000000000000000003 /* Resources/Fonts/Cafe24Ssurround.ttf */ = {isa = PBXFileReference; lastKnownFileType = file; path = Resources/Fonts/Cafe24Ssurround.ttf; sourceTree = "<group>"; };
		220000000000000000000004 /* Resources/Fonts/PuradakGentleGothic.ttf */ = {isa = PBXFileReference; lastKnownFileType = file; path = Resources/Fonts/PuradakGentleGothic.ttf; sourceTree = "<group>"; };
		220000000000000000000005 /* Resources/Fonts/DdulgiMayo.otf */ = {isa = PBXFileReference; lastKnownFileType = file; path = Resources/Fonts/DdulgiMayo.otf; sourceTree = "<group>"; };
		220000000000000000000006 /* Resources/font-licenses/MaruBuri-LICENSE.txt */ = {isa = PBXFileReference; lastKnownFileType = text; path = "Resources/font-licenses/MaruBuri-LICENSE.txt"; sourceTree = "<group>"; };
		220000000000000000000007 /* Resources/font-licenses/Tenada-LICENSE.txt */ = {isa = PBXFileReference; lastKnownFileType = text; path = "Resources/font-licenses/Tenada-LICENSE.txt"; sourceTree = "<group>"; };
		220000000000000000000008 /* Resources/font-licenses/Cafe24Ssurround-LICENSE.txt */ = {isa = PBXFileReference; lastKnownFileType = text; path = "Resources/font-licenses/Cafe24Ssurround-LICENSE.txt"; sourceTree = "<group>"; };
		220000000000000000000009 /* Resources/font-licenses/PuradakGentleGothic-LICENSE.txt */ = {isa = PBXFileReference; lastKnownFileType = text; path = "Resources/font-licenses/PuradakGentleGothic-LICENSE.txt"; sourceTree = "<group>"; };
		22000000000000000000000A /* Resources/font-licenses/DdulgiMayo-LICENSE.txt */ = {isa = PBXFileReference; lastKnownFileType = text; path = "Resources/font-licenses/DdulgiMayo-LICENSE.txt"; sourceTree = "<group>"; };
		22000000000000000000000B /* Resources/Fonts/Pretendard-Bold.ttf */ = {isa = PBXFileReference; lastKnownFileType = file; path = "Resources/Fonts/Pretendard-Bold.ttf"; sourceTree = "<group>"; };
		22000000000000000000000C /* Resources/Fonts/GowunDodum-Regular.ttf */ = {isa = PBXFileReference; lastKnownFileType = file; path = "Resources/Fonts/GowunDodum-Regular.ttf"; sourceTree = "<group>"; };
		22000000000000000000000D /* Resources/font-licenses/GowunDodum-OFL.txt */ = {isa = PBXFileReference; lastKnownFileType = text; path = "Resources/font-licenses/GowunDodum-OFL.txt"; sourceTree = "<group>"; };
		22000000000000000000000E /* Resources/Fonts/GowunBatang-Regular.ttf */ = {isa = PBXFileReference; lastKnownFileType = file; path = "Resources/Fonts/GowunBatang-Regular.ttf"; sourceTree = "<group>"; };
		22000000000000000000000F /* Resources/font-licenses/GowunBatang-OFL.txt */ = {isa = PBXFileReference; lastKnownFileType = text; path = "Resources/font-licenses/GowunBatang-OFL.txt"; sourceTree = "<group>"; };
		220000000000000000000010 /* Resources/Fonts/BlackHanSans-Regular.ttf */ = {isa = PBXFileReference; lastKnownFileType = file; path = "Resources/Fonts/BlackHanSans-Regular.ttf"; sourceTree = "<group>"; };
		220000000000000000000011 /* Resources/font-licenses/BlackHanSans-OFL.txt */ = {isa = PBXFileReference; lastKnownFileType = text; path = "Resources/font-licenses/BlackHanSans-OFL.txt"; sourceTree = "<group>"; };
		220000000000000000000012 /* Resources/Fonts/DoHyeon-Regular.ttf */ = {isa = PBXFileReference; lastKnownFileType = file; path = "Resources/Fonts/DoHyeon-Regular.ttf"; sourceTree = "<group>"; };
		220000000000000000000013 /* Resources/font-licenses/DoHyeon-OFL.txt */ = {isa = PBXFileReference; lastKnownFileType = text; path = "Resources/font-licenses/DoHyeon-OFL.txt"; sourceTree = "<group>"; };
		280000000000000000000011 /* Resources/Fonts/Paperlogy-7Bold.ttf */ = {isa = PBXFileReference; lastKnownFileType = file; path = "Resources/Fonts/Paperlogy-7Bold.ttf"; sourceTree = "<group>"; };
		280000000000000000000012 /* Resources/Fonts/NEXONLv1GothicRegular.ttf */ = {isa = PBXFileReference; lastKnownFileType = file; path = "Resources/Fonts/NEXONLv1GothicRegular.ttf"; sourceTree = "<group>"; };
		280000000000000000000013 /* Resources/Fonts/Poppins-Regular.ttf */ = {isa = PBXFileReference; lastKnownFileType = file; path = "Resources/Fonts/Poppins-Regular.ttf"; sourceTree = "<group>"; };
		280000000000000000000014 /* Resources/font-licenses/Paperlogy-OFL.txt */ = {isa = PBXFileReference; lastKnownFileType = text; path = "Resources/font-licenses/Paperlogy-OFL.txt"; sourceTree = "<group>"; };
		280000000000000000000015 /* Resources/font-licenses/NEXONLv1Gothic-LICENSE.txt */ = {isa = PBXFileReference; lastKnownFileType = text; path = "Resources/font-licenses/NEXONLv1Gothic-LICENSE.txt"; sourceTree = "<group>"; };
		280000000000000000000016 /* Resources/font-licenses/Poppins-OFL.txt */ = {isa = PBXFileReference; lastKnownFileType = text; path = "Resources/font-licenses/Poppins-OFL.txt"; sourceTree = "<group>"; };
		230000000000000000000001 /* Resources/Audio/HanClipSampleLoop.wav */ = {isa = PBXFileReference; lastKnownFileType = audio.wav; path = Resources/Audio/HanClipSampleLoop.wav; sourceTree = "<group>"; };
		230000000000000000000002 /* Resources/Audio/HanClipTravelJoy.wav */ = {isa = PBXFileReference; lastKnownFileType = audio.wav; path = Resources/Audio/HanClipTravelJoy.wav; sourceTree = "<group>"; };
		230000000000000000000003 /* Resources/Audio/HanClipAdClassicalDrama.wav */ = {isa = PBXFileReference; lastKnownFileType = audio.wav; path = Resources/Audio/HanClipAdClassicalDrama.wav; sourceTree = "<group>"; };
		230000000000000000000004 /* Resources/Audio/HanClipGolfLetsGo.wav */ = {isa = PBXFileReference; lastKnownFileType = audio.wav; path = Resources/Audio/HanClipGolfLetsGo.wav; sourceTree = "<group>"; };
		230000000000000000000005 /* Resources/Audio/HanClipJiwooFirstSnow.wav */ = {isa = PBXFileReference; lastKnownFileType = audio.wav; path = Resources/Audio/HanClipJiwooFirstSnow.wav; sourceTree = "<group>"; };
		230000000000000000000006 /* Resources/Audio/HanClipJiwooFirstSnowOriginal.mp3 */ = {isa = PBXFileReference; lastKnownFileType = audio.mp3; path = Resources/Audio/HanClipJiwooFirstSnowOriginal.mp3; sourceTree = "<group>"; };
		240000000000000000000001 /* AiShotCamera.swift */ = {isa = PBXFileReference; lastKnownFileType = sourcecode.swift; path = AiShotCamera.swift; sourceTree = "<group>"; };
		250000000000000000000001 /* AudioImpactClassifier.swift */ = {isa = PBXFileReference; lastKnownFileType = sourcecode.swift; path = AudioImpactClassifier.swift; sourceTree = "<group>"; };
		270000000000000000000010 /* HanClipLockWidget.swift */ = {isa = PBXFileReference; lastKnownFileType = sourcecode.swift; path = HanClipLockWidget.swift; sourceTree = "<group>"; };
		270000000000000000000011 /* Info.plist */ = {isa = PBXFileReference; lastKnownFileType = text.plist.xml; path = Info.plist; sourceTree = "<group>"; };
		270000000000000000000012 /* Assets.xcassets */ = {isa = PBXFileReference; lastKnownFileType = folder.assetcatalog; path = Assets.xcassets; sourceTree = "<group>"; };
		270000000000000000000013 /* HanClipWidget.appex */ = {isa = PBXFileReference; explicitFileType = "wrapper.app-extension"; includeInIndex = 0; path = HanClipWidget.appex; sourceTree = BUILT_PRODUCTS_DIR; };
/* End PBXFileReference section */

/* Begin PBXFrameworksBuildPhase section */
		600000000000000000000002 /* Frameworks */ = {
			isa = PBXFrameworksBuildPhase;
			buildActionMask = 2147483647;
			files = (
			);
			runOnlyForDeploymentPostprocessing = 0;
		};
		600000000000000000000006 /* Frameworks */ = {
			isa = PBXFrameworksBuildPhase;
			buildActionMask = 2147483647;
			files = (
			);
			runOnlyForDeploymentPostprocessing = 0;
		};
		600000000000000000000009 /* Frameworks */ = {
			isa = PBXFrameworksBuildPhase;
			buildActionMask = 2147483647;
			files = (
			);
			runOnlyForDeploymentPostprocessing = 0;
		};
/* End PBXFrameworksBuildPhase section */

/* Begin PBXGroup section */
		700000000000000000000001 = {
			isa = PBXGroup;
			children = (
				700000000000000000000003 /* HanClip */,
				700000000000000000000004 /* Shared */,
				700000000000000000000005 /* HanClipShare */,
				70000000000000000000000B /* HanClipWidget */,
				700000000000000000000002 /* Products */,
			);
			sourceTree = "<group>";
		};
		700000000000000000000002 /* Products */ = {
			isa = PBXGroup;
			children = (
				20000000000000000000000D /* HanClip.app */,
				20000000000000000000000E /* HanClipShare.appex */,
				270000000000000000000013 /* HanClipWidget.appex */,
			);
			name = Products;
			sourceTree = "<group>";
		};
		700000000000000000000003 /* HanClip */ = {
			isa = PBXGroup;
			children = (
				700000000000000000000006 /* App */,
				700000000000000000000007 /* Models */,
				700000000000000000000008 /* Services */,
				700000000000000000000009 /* ViewModels */,
				70000000000000000000000A /* Views */,
				20000000000000000000001C /* Resources/Fonts/KakaoBigSans-Regular.ttf */,
				20000000000000000000001D /* Resources/Fonts/KakaoBigSans-OFL.txt */,
				20000000000000000000001E /* Resources/Fonts/NanumGothic-Regular.ttf */,
				20000000000000000000001F /* Resources/Fonts/NanumGothic-OFL.txt */,
				210000000000000000000005 /* Resources/Fonts/Pretendard-Regular.otf */,
				210000000000000000000006 /* Resources/font-licenses/Pretendard-LICENSE.txt */,
				210000000000000000000007 /* Resources/font-licenses/NanumGothic-OFL.txt */,
				210000000000000000000008 /* Resources/font-licenses/KakaoBigSans-OFL.txt */,
				210000000000000000000009 /* Resources/font-licenses/README.md */,
				220000000000000000000001 /* Resources/Fonts/MaruBuri-Regular.ttf */,
				220000000000000000000002 /* Resources/Fonts/Tenada.ttf */,
				220000000000000000000003 /* Resources/Fonts/Cafe24Ssurround.ttf */,
				220000000000000000000004 /* Resources/Fonts/PuradakGentleGothic.ttf */,
				220000000000000000000005 /* Resources/Fonts/DdulgiMayo.otf */,
				220000000000000000000006 /* Resources/font-licenses/MaruBuri-LICENSE.txt */,
				220000000000000000000007 /* Resources/font-licenses/Tenada-LICENSE.txt */,
				220000000000000000000008 /* Resources/font-licenses/Cafe24Ssurround-LICENSE.txt */,
				220000000000000000000009 /* Resources/font-licenses/PuradakGentleGothic-LICENSE.txt */,
				22000000000000000000000A /* Resources/font-licenses/DdulgiMayo-LICENSE.txt */,
				22000000000000000000000B /* Resources/Fonts/Pretendard-Bold.ttf */,
				22000000000000000000000C /* Resources/Fonts/GowunDodum-Regular.ttf */,
				22000000000000000000000D /* Resources/font-licenses/GowunDodum-OFL.txt */,
				22000000000000000000000E /* Resources/Fonts/GowunBatang-Regular.ttf */,
				22000000000000000000000F /* Resources/font-licenses/GowunBatang-OFL.txt */,
				220000000000000000000010 /* Resources/Fonts/BlackHanSans-Regular.ttf */,
				220000000000000000000011 /* Resources/font-licenses/BlackHanSans-OFL.txt */,
				220000000000000000000012 /* Resources/Fonts/DoHyeon-Regular.ttf */,
				220000000000000000000013 /* Resources/font-licenses/DoHyeon-OFL.txt */,
				280000000000000000000011 /* Resources/Fonts/Paperlogy-7Bold.ttf */,
				280000000000000000000012 /* Resources/Fonts/NEXONLv1GothicRegular.ttf */,
				280000000000000000000013 /* Resources/Fonts/Poppins-Regular.ttf */,
				280000000000000000000014 /* Resources/font-licenses/Paperlogy-OFL.txt */,
				280000000000000000000015 /* Resources/font-licenses/NEXONLv1Gothic-LICENSE.txt */,
				280000000000000000000016 /* Resources/font-licenses/Poppins-OFL.txt */,
				230000000000000000000001 /* Resources/Audio/HanClipSampleLoop.wav */,
				230000000000000000000002 /* Resources/Audio/HanClipTravelJoy.wav */,
				230000000000000000000003 /* Resources/Audio/HanClipAdClassicalDrama.wav */,
				230000000000000000000004 /* Resources/Audio/HanClipGolfLetsGo.wav */,
				230000000000000000000005 /* Resources/Audio/HanClipJiwooFirstSnow.wav */,
				230000000000000000000006 /* Resources/Audio/HanClipJiwooFirstSnowOriginal.mp3 */,
				20000000000000000000000F /* Info.plist */,
				200000000000000000000010 /* HanClip.entitlements */,
				200000000000000000000013 /* Assets.xcassets */,
				260000000000000000000002 /* HanClip.storekit */,
			);
			path = HanClip;
			sourceTree = "<group>";
		};
		700000000000000000000004 /* Shared */ = {
			isa = PBXGroup;
			children = (
				20000000000000000000000A /* SharedImportRecord.swift */,
				20000000000000000000000B /* SharedInbox.swift */,
			);
			path = Shared;
			sourceTree = "<group>";
		};
		700000000000000000000005 /* HanClipShare */ = {
			isa = PBXGroup;
			children = (
				20000000000000000000000C /* ShareViewController.swift */,
				200000000000000000000011 /* Info.plist */,
				200000000000000000000012 /* HanClipShare.entitlements */,
			);
			path = HanClipShare;
			sourceTree = "<group>";
		};
		700000000000000000000006 /* App */ = {
			isa = PBXGroup;
			children = (
				200000000000000000000001 /* HanClipApp.swift */,
			);
			path = App;
			sourceTree = "<group>";
		};
		700000000000000000000007 /* Models */ = {
			isa = PBXGroup;
			children = (
				200000000000000000000002 /* ClipItem.swift */,
				200000000000000000000003 /* VideoFileDocument.swift */,
				200000000000000000000018 /* WatermarkSettings.swift */,
			);
			path = Models;
			sourceTree = "<group>";
		};
		700000000000000000000008 /* Services */ = {
			isa = PBXGroup;
			children = (
				200000000000000000000004 /* PhotoLibraryService.swift */,
				200000000000000000000005 /* PhotoPicker.swift */,
				200000000000000000000017 /* FilePicker.swift */,
				200000000000000000000019 /* FontImportStore.swift */,
				200000000000000000000006 /* VideoComposer.swift */,
				210000000000000000000001 /* ProjectStore.swift */,
				210000000000000000000002 /* AudioAnalysisService.swift */,
				250000000000000000000001 /* AudioImpactClassifier.swift */,
				240000000000000000000001 /* AiShotCamera.swift */,
				260000000000000000000001 /* CopyrightPurchaseManager.swift */,
				290000000000000000000011 /* MovieCollectionStore.swift */,
			);
			path = Services;
			sourceTree = "<group>";
		};
		700000000000000000000009 /* ViewModels */ = {
			isa = PBXGroup;
			children = (
				200000000000000000000007 /* EditorViewModel.swift */,
			);
			path = ViewModels;
			sourceTree = "<group>";
		};
		70000000000000000000000A /* Views */ = {
			isa = PBXGroup;
			children = (
				200000000000000000000008 /* ClipRow.swift */,
				200000000000000000000009 /* EditorView.swift */,
				2A0000000000000000000011 /* HanClipFullscreenVideoPlayer.swift */,
				210000000000000000000003 /* VideoTrimEditor.swift */,
			);
			path = Views;
			sourceTree = "<group>";
		};
		70000000000000000000000B /* HanClipWidget */ = {
			isa = PBXGroup;
			children = (
				270000000000000000000010 /* HanClipLockWidget.swift */,
				270000000000000000000011 /* Info.plist */,
				270000000000000000000012 /* Assets.xcassets */,
			);
			path = HanClipWidget;
			sourceTree = "<group>";
		};
/* End PBXGroup section */

/* Begin PBXNativeTarget section */
		500000000000000000000001 /* HanClip */ = {
			isa = PBXNativeTarget;
			buildConfigurationList = 800000000000000000000002 /* Build configuration list for PBXNativeTarget "HanClip" */;
			buildPhases = (
				600000000000000000000001 /* Sources */,
				600000000000000000000002 /* Frameworks */,
				600000000000000000000003 /* Resources */,
				600000000000000000000004 /* Embed App Extensions */,
			);
			buildRules = (
			);
			dependencies = (
				900000000000000000000001 /* PBXTargetDependency */,
				900000000000000000000002 /* PBXTargetDependency */,
			);
			name = HanClip;
			productName = HanClip;
			productReference = 20000000000000000000000D /* HanClip.app */;
			productType = "com.apple.product-type.application";
		};
		500000000000000000000002 /* HanClipShare */ = {
			isa = PBXNativeTarget;
			buildConfigurationList = 800000000000000000000003 /* Build configuration list for PBXNativeTarget "HanClipShare" */;
			buildPhases = (
				600000000000000000000005 /* Sources */,
				600000000000000000000006 /* Frameworks */,
				600000000000000000000007 /* Resources */,
			);
			buildRules = (
			);
			dependencies = (
			);
			name = HanClipShare;
			productName = HanClipShare;
			productReference = 20000000000000000000000E /* HanClipShare.appex */;
			productType = "com.apple.product-type.app-extension";
		};
		500000000000000000000003 /* HanClipWidget */ = {
			isa = PBXNativeTarget;
			buildConfigurationList = 800000000000000000000004 /* Build configuration list for PBXNativeTarget "HanClipWidget" */;
			buildPhases = (
				600000000000000000000008 /* Sources */,
				600000000000000000000009 /* Frameworks */,
				60000000000000000000000A /* Resources */,
			);
			buildRules = (
			);
			dependencies = (
			);
			name = HanClipWidget;
			productName = HanClipWidget;
			productReference = 270000000000000000000013 /* HanClipWidget.appex */;
			productType = "com.apple.product-type.app-extension";
		};
/* End PBXNativeTarget section */

/* Begin PBXProject section */
		400000000000000000000001 /* Project object */ = {
			isa = PBXProject;
			attributes = {
				BuildIndependentTargetsInParallel = 1;
				LastSwiftUpdateCheck = 2660;
				LastUpgradeCheck = 2660;
				TargetAttributes = {
					500000000000000000000001 = {
						CreatedOnToolsVersion = 26.6;
						SystemCapabilities = {
							com.apple.InAppPurchase = {
								enabled = 1;
							};
						};
					};
					500000000000000000000002 = {
						CreatedOnToolsVersion = 26.6;
					};
					500000000000000000000003 = {
						CreatedOnToolsVersion = 26.6;
					};
				};
			};
			buildConfigurationList = 800000000000000000000001 /* Build configuration list for PBXProject "HanClip" */;
			developmentRegion = en;
			hasScannedForEncodings = 0;
			knownRegions = (
				en,
				Base,
			);
			mainGroup = 700000000000000000000001;
			minimizedProjectReferenceProxies = 1;
			preferredProjectObjectVersion = 77;
			productRefGroup = 700000000000000000000002 /* Products */;
			projectDirPath = "";
			projectRoot = "";
			targets = (
				500000000000000000000001 /* HanClip */,
				500000000000000000000002 /* HanClipShare */,
				500000000000000000000003 /* HanClipWidget */,
			);
		};
/* End PBXProject section */

/* Begin PBXResourcesBuildPhase section */
		600000000000000000000003 /* Resources */ = {
			isa = PBXResourcesBuildPhase;
			buildActionMask = 2147483647;
			files = (
				100000000000000000000010 /* Assets.xcassets in Resources */,
				100000000000000000000019 /* Resources/Fonts/KakaoBigSans-Regular.ttf in Resources */,
				10000000000000000000001A /* Resources/Fonts/KakaoBigSans-OFL.txt in Resources */,
				10000000000000000000001B /* Resources/Fonts/NanumGothic-Regular.ttf in Resources */,
				10000000000000000000001C /* Resources/Fonts/NanumGothic-OFL.txt in Resources */,
				110000000000000000000005 /* Resources/Fonts/Pretendard-Regular.otf in Resources */,
				110000000000000000000006 /* Resources/font-licenses/Pretendard-LICENSE.txt in Resources */,
				110000000000000000000009 /* Resources/font-licenses/README.md in Resources */,
				120000000000000000000001 /* Resources/Fonts/MaruBuri-Regular.ttf in Resources */,
				120000000000000000000002 /* Resources/Fonts/Tenada.ttf in Resources */,
				120000000000000000000003 /* Resources/Fonts/Cafe24Ssurround.ttf in Resources */,
				120000000000000000000004 /* Resources/Fonts/PuradakGentleGothic.ttf in Resources */,
				120000000000000000000005 /* Resources/Fonts/DdulgiMayo.otf in Resources */,
				120000000000000000000006 /* Resources/font-licenses/MaruBuri-LICENSE.txt in Resources */,
				120000000000000000000007 /* Resources/font-licenses/Tenada-LICENSE.txt in Resources */,
				120000000000000000000008 /* Resources/font-licenses/Cafe24Ssurround-LICENSE.txt in Resources */,
				120000000000000000000009 /* Resources/font-licenses/PuradakGentleGothic-LICENSE.txt in Resources */,
				12000000000000000000000A /* Resources/font-licenses/DdulgiMayo-LICENSE.txt in Resources */,
				12000000000000000000000B /* Resources/Fonts/Pretendard-Bold.ttf in Resources */,
				12000000000000000000000C /* Resources/Fonts/GowunDodum-Regular.ttf in Resources */,
				12000000000000000000000D /* Resources/font-licenses/GowunDodum-OFL.txt in Resources */,
				12000000000000000000000E /* Resources/Fonts/GowunBatang-Regular.ttf in Resources */,
				12000000000000000000000F /* Resources/font-licenses/GowunBatang-OFL.txt in Resources */,
				120000000000000000000010 /* Resources/Fonts/BlackHanSans-Regular.ttf in Resources */,
				120000000000000000000011 /* Resources/font-licenses/BlackHanSans-OFL.txt in Resources */,
				120000000000000000000012 /* Resources/Fonts/DoHyeon-Regular.ttf in Resources */,
				120000000000000000000013 /* Resources/font-licenses/DoHyeon-OFL.txt in Resources */,
				280000000000000000000001 /* Resources/Fonts/Paperlogy-7Bold.ttf in Resources */,
				280000000000000000000002 /* Resources/Fonts/NEXONLv1GothicRegular.ttf in Resources */,
				280000000000000000000003 /* Resources/Fonts/Poppins-Regular.ttf in Resources */,
				280000000000000000000004 /* Resources/font-licenses/Paperlogy-OFL.txt in Resources */,
				280000000000000000000005 /* Resources/font-licenses/NEXONLv1Gothic-LICENSE.txt in Resources */,
				280000000000000000000006 /* Resources/font-licenses/Poppins-OFL.txt in Resources */,
				130000000000000000000001 /* Resources/Audio/HanClipSampleLoop.wav in Resources */,
				130000000000000000000002 /* Resources/Audio/HanClipTravelJoy.wav in Resources */,
				130000000000000000000003 /* Resources/Audio/HanClipAdClassicalDrama.wav in Resources */,
				130000000000000000000004 /* Resources/Audio/HanClipGolfLetsGo.wav in Resources */,
				130000000000000000000005 /* Resources/Audio/HanClipJiwooFirstSnow.wav in Resources */,
				130000000000000000000006 /* Resources/Audio/HanClipJiwooFirstSnowOriginal.mp3 in Resources */,
			);
			runOnlyForDeploymentPostprocessing = 0;
		};
		600000000000000000000007 /* Resources */ = {
			isa = PBXResourcesBuildPhase;
			buildActionMask = 2147483647;
			files = (
				100000000000000000000011 /* Assets.xcassets in Resources */,
			);
			runOnlyForDeploymentPostprocessing = 0;
		};
		60000000000000000000000A /* Resources */ = {
			isa = PBXResourcesBuildPhase;
			buildActionMask = 2147483647;
			files = (
				270000000000000000000002 /* Assets.xcassets in Resources */,
			);
			runOnlyForDeploymentPostprocessing = 0;
		};
/* End PBXResourcesBuildPhase section */

/* Begin PBXSourcesBuildPhase section */
		600000000000000000000001 /* Sources */ = {
			isa = PBXSourcesBuildPhase;
			buildActionMask = 2147483647;
			files = (
				100000000000000000000001 /* HanClipApp.swift in Sources */,
				100000000000000000000002 /* ClipItem.swift in Sources */,
				100000000000000000000003 /* VideoFileDocument.swift in Sources */,
				100000000000000000000015 /* WatermarkSettings.swift in Sources */,
				100000000000000000000004 /* PhotoLibraryService.swift in Sources */,
				100000000000000000000005 /* PhotoPicker.swift in Sources */,
				100000000000000000000014 /* FilePicker.swift in Sources */,
				100000000000000000000016 /* FontImportStore.swift in Sources */,
				100000000000000000000006 /* VideoComposer.swift in Sources */,
				100000000000000000000007 /* EditorViewModel.swift in Sources */,
				100000000000000000000008 /* ClipRow.swift in Sources */,
				100000000000000000000009 /* EditorView.swift in Sources */,
				2A0000000000000000000001 /* HanClipFullscreenVideoPlayer.swift in Sources */,
				10000000000000000000000A /* SharedImportRecord.swift in Sources */,
				10000000000000000000000B /* SharedInbox.swift in Sources */,
				110000000000000000000001 /* ProjectStore.swift in Sources */,
				110000000000000000000002 /* AudioAnalysisService.swift in Sources */,
				150000000000000000000001 /* AudioImpactClassifier.swift in Sources */,
				110000000000000000000003 /* VideoTrimEditor.swift in Sources */,
				140000000000000000000001 /* AiShotCamera.swift in Sources */,
				160000000000000000000001 /* CopyrightPurchaseManager.swift in Sources */,
				290000000000000000000001 /* MovieCollectionStore.swift in Sources */,
			);
			runOnlyForDeploymentPostprocessing = 0;
		};
		600000000000000000000005 /* Sources */ = {
			isa = PBXSourcesBuildPhase;
			buildActionMask = 2147483647;
			files = (
				10000000000000000000000C /* ShareViewController.swift in Sources */,
				10000000000000000000000D /* SharedImportRecord.swift in Sources */,
				10000000000000000000000E /* SharedInbox.swift in Sources */,
			);
			runOnlyForDeploymentPostprocessing = 0;
		};
		600000000000000000000008 /* Sources */ = {
			isa = PBXSourcesBuildPhase;
			buildActionMask = 2147483647;
			files = (
				270000000000000000000001 /* HanClipLockWidget.swift in Sources */,
			);
			runOnlyForDeploymentPostprocessing = 0;
		};
/* End PBXSourcesBuildPhase section */

/* Begin PBXTargetDependency section */
		900000000000000000000001 /* PBXTargetDependency */ = {
			isa = PBXTargetDependency;
			target = 500000000000000000000002 /* HanClipShare */;
			targetProxy = 300000000000000000000001 /* PBXContainerItemProxy */;
		};
		900000000000000000000002 /* PBXTargetDependency */ = {
			isa = PBXTargetDependency;
			target = 500000000000000000000003 /* HanClipWidget */;
			targetProxy = 300000000000000000000002 /* PBXContainerItemProxy */;
		};
/* End PBXTargetDependency section */

/* Begin XCBuildConfiguration section */
		A00000000000000000000001 /* Debug */ = {
			isa = XCBuildConfiguration;
			buildSettings = {
				ALWAYS_SEARCH_USER_PATHS = NO;
				ASSETCATALOG_COMPILER_GENERATE_SWIFT_ASSET_SYMBOL_EXTENSIONS = YES;
				CLANG_ANALYZER_NONNULL = YES;
				CLANG_ANALYZER_NUMBER_OBJECT_CONVERSION = YES_AGGRESSIVE;
				CLANG_CXX_LANGUAGE_STANDARD = "gnu++20";
				CLANG_ENABLE_MODULES = YES;
				CLANG_ENABLE_OBJC_ARC = YES;
				CLANG_ENABLE_OBJC_WEAK = YES;
				CLANG_WARN_BLOCK_CAPTURE_AUTORELEASING = YES;
				CLANG_WARN_BOOL_CONVERSION = YES;
				CLANG_WARN_COMMA = YES;
				CLANG_WARN_CONSTANT_CONVERSION = YES;
				CLANG_WARN_DEPRECATED_OBJC_IMPLEMENTATIONS = YES;
				CLANG_WARN_DIRECT_OBJC_ISA_USAGE = YES_ERROR;
				CLANG_WARN_DOCUMENTATION_COMMENTS = YES;
				CLANG_WARN_EMPTY_BODY = YES;
				CLANG_WARN_ENUM_CONVERSION = YES;
				CLANG_WARN_INFINITE_RECURSION = YES;
				CLANG_WARN_INT_CONVERSION = YES;
				CLANG_WARN_NON_LITERAL_NULL_CONVERSION = YES;
				CLANG_WARN_OBJC_IMPLICIT_RETAIN_SELF = YES;
				CLANG_WARN_OBJC_LITERAL_CONVERSION = YES;
				CLANG_WARN_OBJC_ROOT_CLASS = YES_ERROR;
				CLANG_WARN_QUOTED_INCLUDE_IN_FRAMEWORK_HEADER = YES;
				CLANG_WARN_RANGE_LOOP_ANALYSIS = YES;
				CLANG_WARN_STRICT_PROTOTYPES = YES;
				CLANG_WARN_SUSPICIOUS_MOVE = YES;
				CLANG_WARN_UNGUARDED_AVAILABILITY = YES_AGGRESSIVE;
				CLANG_WARN_UNREACHABLE_CODE = YES;
				CLANG_WARN__DUPLICATE_METHOD_MATCH = YES;
				COPY_PHASE_STRIP = NO;
				DEBUG_INFORMATION_FORMAT = dwarf;
				ENABLE_STRICT_OBJC_MSGSEND = YES;
				ENABLE_TESTABILITY = YES;
				ENABLE_USER_SCRIPT_SANDBOXING = YES;
				GCC_C_LANGUAGE_STANDARD = gnu17;
				GCC_DYNAMIC_NO_PIC = NO;
				GCC_NO_COMMON_BLOCKS = YES;
				GCC_OPTIMIZATION_LEVEL = 0;
				GCC_PREPROCESSOR_DEFINITIONS = (
					"DEBUG=1",
					"$(inherited)",
				);
				GCC_WARN_64_TO_32_BIT_CONVERSION = YES;
				GCC_WARN_ABOUT_RETURN_TYPE = YES_ERROR;
				GCC_WARN_UNDECLARED_SELECTOR = YES;
				GCC_WARN_UNINITIALIZED_AUTOS = YES_AGGRESSIVE;
				GCC_WARN_UNUSED_FUNCTION = YES;
				GCC_WARN_UNUSED_VARIABLE = YES;
				LOCALIZATION_PREFERS_STRING_CATALOGS = YES;
				MTL_ENABLE_DEBUG_INFO = INCLUDE_SOURCE;
				MTL_FAST_MATH = YES;
				ONLY_ACTIVE_ARCH = YES;
				SDKROOT = iphoneos;
				SWIFT_ACTIVE_COMPILATION_CONDITIONS = "DEBUG $(inherited)";
				SWIFT_COMPILATION_MODE = incremental;
				SWIFT_OPTIMIZATION_LEVEL = "-Onone";
			};
			name = Debug;
		};
		A00000000000000000000002 /* Release */ = {
			isa = XCBuildConfiguration;
			buildSettings = {
				ALWAYS_SEARCH_USER_PATHS = NO;
				ASSETCATALOG_COMPILER_GENERATE_SWIFT_ASSET_SYMBOL_EXTENSIONS = YES;
				CLANG_ANALYZER_NONNULL = YES;
				CLANG_ANALYZER_NUMBER_OBJECT_CONVERSION = YES_AGGRESSIVE;
				CLANG_CXX_LANGUAGE_STANDARD = "gnu++20";
				CLANG_ENABLE_MODULES = YES;
				CLANG_ENABLE_OBJC_ARC = YES;
				CLANG_ENABLE_OBJC_WEAK = YES;
				CLANG_WARN_BLOCK_CAPTURE_AUTORELEASING = YES;
				CLANG_WARN_BOOL_CONVERSION = YES;
				CLANG_WARN_COMMA = YES;
				CLANG_WARN_CONSTANT_CONVERSION = YES;
				CLANG_WARN_DEPRECATED_OBJC_IMPLEMENTATIONS = YES;
				CLANG_WARN_DIRECT_OBJC_ISA_USAGE = YES_ERROR;
				CLANG_WARN_DOCUMENTATION_COMMENTS = YES;
				CLANG_WARN_EMPTY_BODY = YES;
				CLANG_WARN_ENUM_CONVERSION = YES;
				CLANG_WARN_INFINITE_RECURSION = YES;
				CLANG_WARN_INT_CONVERSION = YES;
				CLANG_WARN_NON_LITERAL_NULL_CONVERSION = YES;
				CLANG_WARN_OBJC_IMPLICIT_RETAIN_SELF = YES;
				CLANG_WARN_OBJC_LITERAL_CONVERSION = YES;
				CLANG_WARN_OBJC_ROOT_CLASS = YES_ERROR;
				CLANG_WARN_QUOTED_INCLUDE_IN_FRAMEWORK_HEADER = YES;
				CLANG_WARN_RANGE_LOOP_ANALYSIS = YES;
				CLANG_WARN_STRICT_PROTOTYPES = YES;
				CLANG_WARN_SUSPICIOUS_MOVE = YES;
				CLANG_WARN_UNGUARDED_AVAILABILITY = YES_AGGRESSIVE;
				CLANG_WARN_UNREACHABLE_CODE = YES;
				CLANG_WARN__DUPLICATE_METHOD_MATCH = YES;
				COPY_PHASE_STRIP = NO;
				DEBUG_INFORMATION_FORMAT = "dwarf-with-dsym";
				ENABLE_NS_ASSERTIONS = NO;
				ENABLE_STRICT_OBJC_MSGSEND = YES;
				ENABLE_USER_SCRIPT_SANDBOXING = YES;
				GCC_C_LANGUAGE_STANDARD = gnu17;
				GCC_NO_COMMON_BLOCKS = YES;
				GCC_WARN_64_TO_32_BIT_CONVERSION = YES;
				GCC_WARN_ABOUT_RETURN_TYPE = YES_ERROR;
				GCC_WARN_UNDECLARED_SELECTOR = YES;
				GCC_WARN_UNINITIALIZED_AUTOS = YES_AGGRESSIVE;
				GCC_WARN_UNUSED_FUNCTION = YES;
				GCC_WARN_UNUSED_VARIABLE = YES;
				LOCALIZATION_PREFERS_STRING_CATALOGS = YES;
				MTL_ENABLE_DEBUG_INFO = NO;
				MTL_FAST_MATH = YES;
				SDKROOT = iphoneos;
				SWIFT_COMPILATION_MODE = wholemodule;
				SWIFT_OPTIMIZATION_LEVEL = "-O";
				VALIDATE_PRODUCT = YES;
			};
			name = Release;
		};
		A00000000000000000000003 /* Debug */ = {
			isa = XCBuildConfiguration;
			buildSettings = {
				ASSETCATALOG_COMPILER_APPICON_NAME = AppIcon;
				CODE_SIGN_ENTITLEMENTS = HanClip/HanClip.entitlements;
				CODE_SIGN_STYLE = Automatic;
				CURRENT_PROJECT_VERSION = 3.11.50;
				DEVELOPMENT_TEAM = T7B4EPLHPK;
				GENERATE_INFOPLIST_FILE = NO;
				INFOPLIST_FILE = HanClip/Info.plist;
				IPHONEOS_DEPLOYMENT_TARGET = 17.0;
				LD_RUNPATH_SEARCH_PATHS = (
					"$(inherited)",
					"@executable_path/Frameworks",
				);
				MARKETING_VERSION = 1.0.1;
				PRODUCT_BUNDLE_IDENTIFIER = com.intosharp.hanclip;
				PRODUCT_NAME = "$(TARGET_NAME)";
				SWIFT_APPROACHABLE_CONCURRENCY = YES;
				SWIFT_EMIT_LOC_STRINGS = YES;
				SWIFT_UPCOMING_FEATURE_MEMBER_IMPORT_VISIBILITY = YES;
				SWIFT_VERSION = 5.0;
				SUPPORTS_MAC_DESIGNED_FOR_IPHONE_IPAD = YES;
				TARGETED_DEVICE_FAMILY = "1,2";
			};
			name = Debug;
		};
		A00000000000000000000004 /* Release */ = {
			isa = XCBuildConfiguration;
			buildSettings = {
				ASSETCATALOG_COMPILER_APPICON_NAME = AppIcon;
				CODE_SIGN_ENTITLEMENTS = HanClip/HanClip.entitlements;
				CODE_SIGN_STYLE = Automatic;
				CURRENT_PROJECT_VERSION = 3.11.50;
				DEVELOPMENT_TEAM = T7B4EPLHPK;
				GENERATE_INFOPLIST_FILE = NO;
				INFOPLIST_FILE = HanClip/Info.plist;
				IPHONEOS_DEPLOYMENT_TARGET = 17.0;
				LD_RUNPATH_SEARCH_PATHS = (
					"$(inherited)",
					"@executable_path/Frameworks",
				);
				MARKETING_VERSION = 1.0.1;
				PRODUCT_BUNDLE_IDENTIFIER = com.intosharp.hanclip;
				PRODUCT_NAME = "$(TARGET_NAME)";
				SWIFT_APPROACHABLE_CONCURRENCY = YES;
				SWIFT_EMIT_LOC_STRINGS = YES;
				SWIFT_UPCOMING_FEATURE_MEMBER_IMPORT_VISIBILITY = YES;
				SWIFT_VERSION = 5.0;
				SUPPORTS_MAC_DESIGNED_FOR_IPHONE_IPAD = YES;
				TARGETED_DEVICE_FAMILY = "1,2";
			};
			name = Release;
		};
		A00000000000000000000005 /* Debug */ = {
			isa = XCBuildConfiguration;
			buildSettings = {
				APPLICATION_EXTENSION_API_ONLY = YES;
				CODE_SIGN_ENTITLEMENTS = HanClipShare/HanClipShare.entitlements;
				CODE_SIGN_STYLE = Automatic;
				CURRENT_PROJECT_VERSION = 3.11.50;
				DEVELOPMENT_TEAM = T7B4EPLHPK;
				GENERATE_INFOPLIST_FILE = NO;
				INFOPLIST_FILE = HanClipShare/Info.plist;
				IPHONEOS_DEPLOYMENT_TARGET = 17.0;
				LD_RUNPATH_SEARCH_PATHS = (
					"$(inherited)",
					"@executable_path/../../Frameworks",
				);
				MARKETING_VERSION = 1.0.1;
				PRODUCT_BUNDLE_IDENTIFIER = com.intosharp.hanclip.share;
				PRODUCT_NAME = "$(TARGET_NAME)";
				SKIP_INSTALL = YES;
				SWIFT_APPROACHABLE_CONCURRENCY = YES;
				SWIFT_EMIT_LOC_STRINGS = YES;
				SWIFT_UPCOMING_FEATURE_MEMBER_IMPORT_VISIBILITY = YES;
				SWIFT_VERSION = 5.0;
				TARGETED_DEVICE_FAMILY = "1,2";
			};
			name = Debug;
		};
		A00000000000000000000006 /* Release */ = {
			isa = XCBuildConfiguration;
			buildSettings = {
				APPLICATION_EXTENSION_API_ONLY = YES;
				CODE_SIGN_ENTITLEMENTS = HanClipShare/HanClipShare.entitlements;
				CODE_SIGN_STYLE = Automatic;
				CURRENT_PROJECT_VERSION = 3.11.50;
				DEVELOPMENT_TEAM = T7B4EPLHPK;
				GENERATE_INFOPLIST_FILE = NO;
				INFOPLIST_FILE = HanClipShare/Info.plist;
				IPHONEOS_DEPLOYMENT_TARGET = 17.0;
				LD_RUNPATH_SEARCH_PATHS = (
					"$(inherited)",
					"@executable_path/../../Frameworks",
				);
				MARKETING_VERSION = 1.0.1;
				PRODUCT_BUNDLE_IDENTIFIER = com.intosharp.hanclip.share;
				PRODUCT_NAME = "$(TARGET_NAME)";
				SKIP_INSTALL = YES;
				SWIFT_APPROACHABLE_CONCURRENCY = YES;
				SWIFT_EMIT_LOC_STRINGS = YES;
				SWIFT_UPCOMING_FEATURE_MEMBER_IMPORT_VISIBILITY = YES;
				SWIFT_VERSION = 5.0;
				TARGETED_DEVICE_FAMILY = "1,2";
			};
			name = Release;
		};
		A00000000000000000000007 /* Debug */ = {
			isa = XCBuildConfiguration;
			buildSettings = {
				APPLICATION_EXTENSION_API_ONLY = YES;
				CODE_SIGN_STYLE = Automatic;
				CURRENT_PROJECT_VERSION = 3.11.50;
				DEVELOPMENT_TEAM = T7B4EPLHPK;
				GENERATE_INFOPLIST_FILE = NO;
				INFOPLIST_FILE = HanClipWidget/Info.plist;
				IPHONEOS_DEPLOYMENT_TARGET = 17.0;
				LD_RUNPATH_SEARCH_PATHS = (
					"$(inherited)",
					"@executable_path/../../Frameworks",
				);
				MARKETING_VERSION = 1.0.1;
				PRODUCT_BUNDLE_IDENTIFIER = com.intosharp.hanclip.widget;
				PRODUCT_NAME = "$(TARGET_NAME)";
				SKIP_INSTALL = YES;
				SWIFT_APPROACHABLE_CONCURRENCY = YES;
				SWIFT_EMIT_LOC_STRINGS = YES;
				SWIFT_UPCOMING_FEATURE_MEMBER_IMPORT_VISIBILITY = YES;
				SWIFT_VERSION = 5.0;
				TARGETED_DEVICE_FAMILY = "1,2";
			};
			name = Debug;
		};
		A00000000000000000000008 /* Release */ = {
			isa = XCBuildConfiguration;
			buildSettings = {
				APPLICATION_EXTENSION_API_ONLY = YES;
				CODE_SIGN_STYLE = Automatic;
				CURRENT_PROJECT_VERSION = 3.11.50;
				DEVELOPMENT_TEAM = T7B4EPLHPK;
				GENERATE_INFOPLIST_FILE = NO;
				INFOPLIST_FILE = HanClipWidget/Info.plist;
				IPHONEOS_DEPLOYMENT_TARGET = 17.0;
				LD_RUNPATH_SEARCH_PATHS = (
					"$(inherited)",
					"@executable_path/../../Frameworks",
				);
				MARKETING_VERSION = 1.0.1;
				PRODUCT_BUNDLE_IDENTIFIER = com.intosharp.hanclip.widget;
				PRODUCT_NAME = "$(TARGET_NAME)";
				SKIP_INSTALL = YES;
				SWIFT_APPROACHABLE_CONCURRENCY = YES;
				SWIFT_EMIT_LOC_STRINGS = YES;
				SWIFT_UPCOMING_FEATURE_MEMBER_IMPORT_VISIBILITY = YES;
				SWIFT_VERSION = 5.0;
				TARGETED_DEVICE_FAMILY = "1,2";
			};
			name = Release;
		};
/* End XCBuildConfiguration section */

/* Begin XCConfigurationList section */
		800000000000000000000001 /* Build configuration list for PBXProject "HanClip" */ = {
			isa = XCConfigurationList;
			buildConfigurations = (
				A00000000000000000000001 /* Debug */,
				A00000000000000000000002 /* Release */,
			);
			defaultConfigurationIsVisible = 0;
			defaultConfigurationName = Release;
		};
		800000000000000000000002 /* Build configuration list for PBXNativeTarget "HanClip" */ = {
			isa = XCConfigurationList;
			buildConfigurations = (
				A00000000000000000000003 /* Debug */,
				A00000000000000000000004 /* Release */,
			);
			defaultConfigurationIsVisible = 0;
			defaultConfigurationName = Release;
		};
		800000000000000000000003 /* Build configuration list for PBXNativeTarget "HanClipShare" */ = {
			isa = XCConfigurationList;
			buildConfigurations = (
				A00000000000000000000005 /* Debug */,
				A00000000000000000000006 /* Release */,
			);
			defaultConfigurationIsVisible = 0;
			defaultConfigurationName = Release;
		};
		800000000000000000000004 /* Build configuration list for PBXNativeTarget "HanClipWidget" */ = {
			isa = XCConfigurationList;
			buildConfigurations = (
				A00000000000000000000007 /* Debug */,
				A00000000000000000000008 /* Release */,
			);
			defaultConfigurationIsVisible = 0;
			defaultConfigurationName = Release;
		};
/* End XCConfigurationList section */
	};
	rootObject = 400000000000000000000001 /* Project object */;
}
